
Microsoft Visual Studio Solution File, Format Version 12.00
# Visual Studio Version 16
VisualStudioVersion = 16.0.30204.135
MinimumVisualStudioVersion = 10.0.40219.1
Project("{FAE04EC0-301F-11D3-BF4B-00C04F79EFBC}") = "VKPonchikLib", "VKPonchikLib\VKPonchikLib.csproj", "{93731035-CFC9-43AF-A95C-8023C36F16C8}"
EndProject
Project("{FAE04EC0-301F-11D3-BF4B-00C04F79EFBC}") = "VKPonchikLib.NetCore", "VKPonchikLib.NetCore\VKPonchikLib.NetCore.csproj", "{B146AF43-3956-4529-96F4-82666E47A983}"
EndProject
Global
	GlobalSection(SolutionConfigurationPlatforms) = preSolution
		Debug|Any CPU = Debug|Any CPU
		Release|Any CPU = Release|Any CPU
	EndGlobalSection
	GlobalSection(ProjectConfigurationPlatforms) = postSolution
		{93731035-CFC9-43AF-A95C-8023C36F16C8}.Debug|Any CPU.ActiveCfg = Debug|Any CPU
		{93731035-CFC9-43AF-A95C-8023C36F16C8}.Debug|Any CPU.Build.0 = Debug|Any CPU
		{93731035-CFC9-43AF-A95C-8023C36F16C8}.Release|Any CPU.ActiveCfg = Release|Any CPU
		{93731035-CFC9-43AF-A95C-8023C36F16C8}.Release|Any CPU.Build.0 = Release|Any CPU
		{B146AF43-3956-4529-96F4-82666E47A983}.Debug|Any CPU.ActiveCfg = Debug|Any CPU
		{B146AF43-3956-4529-96F4-82666E47A983}.Debug|Any CPU.Build.0 = Debug|Any CPU
		{B146AF43-3956-4529-96F4-82666E47A983}.Release|Any CPU.ActiveCfg = Release|Any CPU
		{B146AF43-3956-4529-96F4-82666E47A983}.Release|Any CPU.Build.0 = Release|Any CPU
	EndGlobalSection
	GlobalSection(SolutionProperties) = preSolution
		HideSolutionNode = FALSE
	EndGlobalSection
	GlobalSection(ExtensibilityGlobals) = postSolution
		SolutionGuid = {E27E025C-4A81-4CCE-92BB-1A742F995F06}
	EndGlobalSection
EndGlobal
